{
  "name": "hola-jsdash",
  "version": "0.0.1",
  "lockfileVersion": 1,
  "dependencies": {
    "markdown-table": {
      "version": "1.1.1",
      "resolved": "https://registry.npmjs.org/markdown-table/-/markdown-table-1.1.1.tgz",
      "integrity": "sha1-Sz3ToTPRUYuO8NvHCb8qG0gkvIw="
    }
  }
}
